// !$*UTF8*$!
{
	archiveVersion = 1;
	classes = {
	};
	objectVersion = 56;
	objects = {

/* Begin PBXBuildFile section */
		85032B462BEAEDEA00519CE5 /* Cyan.scn in Resources */ = {isa = PBXBuildFile; fileRef = 85032B452BEAEDEA00519CE5 /* Cyan.scn */; };
		85032B482BEAEE8D00519CE5 /* Home8.swift in Sources */ = {isa = PBXBuildFile; fileRef = 85032B472BEAEE8D00519CE5 /* Home8.swift */; };
		85032B4A2BEAF04000519CE5 /* Yellow.scn in Resources */ = {isa = PBXBuildFile; fileRef = 85032B492BEAF04000519CE5 /* Yellow.scn */; };
		85032B4C2BEAF0A400519CE5 /* Home9.swift in Sources */ = {isa = PBXBuildFile; fileRef = 85032B4B2BEAF0A400519CE5 /* Home9.swift */; };
		85032B4E2BEAF2FA00519CE5 /* LighterBlue.scn in Resources */ = {isa = PBXBuildFile; fileRef = 85032B4D2BEAF2FA00519CE5 /* LighterBlue.scn */; };
		85032B502BEAF32E00519CE5 /* Home10.swift in Sources */ = {isa = PBXBuildFile; fileRef = 85032B4F2BEAF32E00519CE5 /* Home10.swift */; };
		85032B522BEAF56C00519CE5 /* HotPink.scn in Resources */ = {isa = PBXBuildFile; fileRef = 85032B512BEAF56C00519CE5 /* HotPink.scn */; };
		85032B542BEAF5BB00519CE5 /* Home11.swift in Sources */ = {isa = PBXBuildFile; fileRef = 85032B532BEAF5BB00519CE5 /* Home11.swift */; };
		85032B562BEAF7F300519CE5 /* Gray.scn in Resources */ = {isa = PBXBuildFile; fileRef = 85032B552BEAF7F300519CE5 /* Gray.scn */; };
		85032B582BEAF85900519CE5 /* Home12.swift in Sources */ = {isa = PBXBuildFile; fileRef = 85032B572BEAF85900519CE5 /* Home12.swift */; };
		85032B5A2BEAFB7700519CE5 /* DarkGreen.scn in Resources */ = {isa = PBXBuildFile; fileRef = 85032B592BEAFB7600519CE5 /* DarkGreen.scn */; };
		85032B5C2BEAFBAA00519CE5 /* Home13.swift in Sources */ = {isa = PBXBuildFile; fileRef = 85032B5B2BEAFBAA00519CE5 /* Home13.swift */; };
		851B7D462BE95BD600493B92 /* PinkPaint.scn in Resources */ = {isa = PBXBuildFile; fileRef = 851B7D452BE95BD600493B92 /* PinkPaint.scn */; };
		851B7D482BE99D3B00493B92 /* DarkBlue.scn in Resources */ = {isa = PBXBuildFile; fileRef = 851B7D472BE99D3B00493B92 /* DarkBlue.scn */; };
		851B7D4A2BE9A22300493B92 /* LimeGreen.scn in Resources */ = {isa = PBXBuildFile; fileRef = 851B7D492BE9A22300493B92 /* LimeGreen.scn */; };
		851B7D4C2BE9A27200493B92 /* Home4.swift in Sources */ = {isa = PBXBuildFile; fileRef = 851B7D4B2BE9A27200493B92 /* Home4.swift */; };
		851B7D4E2BE9A62A00493B92 /* Gold.scn in Resources */ = {isa = PBXBuildFile; fileRef = 851B7D4D2BE9A62A00493B92 /* Gold.scn */; };
		851B7D502BE9A6D800493B92 /* Home5.swift in Sources */ = {isa = PBXBuildFile; fileRef = 851B7D4F2BE9A6D700493B92 /* Home5.swift */; };
		851B7D522BE9AA1700493B92 /* DarkGold.scn in Resources */ = {isa = PBXBuildFile; fileRef = 851B7D512BE9AA1700493B92 /* DarkGold.scn */; };
		851B7D542BE9AA5600493B92 /* Home6.swift in Sources */ = {isa = PBXBuildFile; fileRef = 851B7D532BE9AA5600493B92 /* Home6.swift */; };
		851B7D562BE9ADCA00493B92 /* LightBlue.scn in Resources */ = {isa = PBXBuildFile; fileRef = 851B7D552BE9ADCA00493B92 /* LightBlue.scn */; };
		851B7D582BE9AE5000493B92 /* Home7.swift in Sources */ = {isa = PBXBuildFile; fileRef = 851B7D572BE9AE4F00493B92 /* Home7.swift */; };
		8566561A2BE16113001787E9 /* Book.scn in Resources */ = {isa = PBXBuildFile; fileRef = 856656192BE16113001787E9 /* Book.scn */; };
		8566561C2BE1624C001787E9 /* CustomSceneView.swift in Sources */ = {isa = PBXBuildFile; fileRef = 8566561B2BE1624C001787E9 /* CustomSceneView.swift */; };
		8566561E2BE166C7001787E9 /* Home.swift in Sources */ = {isa = PBXBuildFile; fileRef = 8566561D2BE166C7001787E9 /* Home.swift */; };
		857B04752BE1B208006AFE46 /* Number1.swift in Sources */ = {isa = PBXBuildFile; fileRef = 857B04742BE1B208006AFE46 /* Number1.swift */; };
		8595B0822BD2D6C300820790 /* carouselExample.swift in Sources */ = {isa = PBXBuildFile; fileRef = 8595B0812BD2D6C300820790 /* carouselExample.swift */; };
		8595B0842BD2E27F00820790 /* dropdown.swift in Sources */ = {isa = PBXBuildFile; fileRef = 8595B0832BD2E27F00820790 /* dropdown.swift */; };
		8595B0862BD3158E00820790 /* ParaNosotrasCarousel.swift in Sources */ = {isa = PBXBuildFile; fileRef = 8595B0852BD3158E00820790 /* ParaNosotrasCarousel.swift */; };
		85A16DEC2BE426DA009196A2 /* OnlineArt.swift in Sources */ = {isa = PBXBuildFile; fileRef = 85A16DEB2BE426DA009196A2 /* OnlineArt.swift */; };
		85A16DEF2BE42DE5009196A2 /* GallaryViewProjecting.swift in Sources */ = {isa = PBXBuildFile; fileRef = 85A16DEE2BE42DE5009196A2 /* GallaryViewProjecting.swift */; };
		85A16DF12BE70B51009196A2 /* FourthScreen.swift in Sources */ = {isa = PBXBuildFile; fileRef = 85A16DF02BE70B51009196A2 /* FourthScreen.swift */; };
		85A16DF32BE83243009196A2 /* Home2.swift in Sources */ = {isa = PBXBuildFile; fileRef = 85A16DF22BE83243009196A2 /* Home2.swift */; };
		85A16DF52BE834C4009196A2 /* DeckCards1.scn in Resources */ = {isa = PBXBuildFile; fileRef = 85A16DF42BE834C4009196A2 /* DeckCards1.scn */; };
		85A16DF72BE8430C009196A2 /* Deck2.scn in Resources */ = {isa = PBXBuildFile; fileRef = 85A16DF62BE8430C009196A2 /* Deck2.scn */; };
		85A16DF92BE84389009196A2 /* Home3.swift in Sources */ = {isa = PBXBuildFile; fileRef = 85A16DF82BE84389009196A2 /* Home3.swift */; };
		85A16DFB2BE94A85009196A2 /* RedPaintFlat.scn in Resources */ = {isa = PBXBuildFile; fileRef = 85A16DFA2BE94A85009196A2 /* RedPaintFlat.scn */; };
		85A97FBA2BCED8E9009CE9F8 /* TA98AppApp.swift in Sources */ = {isa = PBXBuildFile; fileRef = 85A97FB92BCED8E9009CE9F8 /* TA98AppApp.swift */; };
		85A97FBC2BCED8E9009CE9F8 /* ContentView.swift in Sources */ = {isa = PBXBuildFile; fileRef = 85A97FBB2BCED8E9009CE9F8 /* ContentView.swift */; };
		85A97FBE2BCED8EA009CE9F8 /* Assets.xcassets in Resources */ = {isa = PBXBuildFile; fileRef = 85A97FBD2BCED8EA009CE9F8 /* Assets.xcassets */; };
		85A97FC12BCED8EA009CE9F8 /* Preview Assets.xcassets in Resources */ = {isa = PBXBuildFile; fileRef = 85A97FC02BCED8EA009CE9F8 /* Preview Assets.xcassets */; };
		85A97FCB2BCED8EA009CE9F8 /* TA98AppTests.swift in Sources */ = {isa = PBXBuildFile; fileRef = 85A97FCA2BCED8EA009CE9F8 /* TA98AppTests.swift */; };
		85A97FD52BCED8EA009CE9F8 /* TA98AppUITests.swift in Sources */ = {isa = PBXBuildFile; fileRef = 85A97FD42BCED8EA009CE9F8 /* TA98AppUITests.swift */; };
		85A97FD72BCED8EA009CE9F8 /* TA98AppUITestsLaunchTests.swift in Sources */ = {isa = PBXBuildFile; fileRef = 85A97FD62BCED8EA009CE9F8 /* TA98AppUITestsLaunchTests.swift */; };
		85A97FE52BCEDAE0009CE9F8 /* GoogleService-Info.plist in Resources */ = {isa = PBXBuildFile; fileRef = 85A97FE42BCEDAE0009CE9F8 /* GoogleService-Info.plist */; };
		85A97FE82BCEDB14009CE9F8 /* FirebaseAnalytics in Frameworks */ = {isa = PBXBuildFile; productRef = 85A97FE72BCEDB14009CE9F8 /* FirebaseAnalytics */; };
		85A97FEA2BCEDB14009CE9F8 /* FirebaseAnalyticsOnDeviceConversion in Frameworks */ = {isa = PBXBuildFile; productRef = 85A97FE92BCEDB14009CE9F8 /* FirebaseAnalyticsOnDeviceConversion */; };
		85A97FEC2BCEDB14009CE9F8 /* FirebaseAnalyticsSwift in Frameworks */ = {isa = PBXBuildFile; productRef = 85A97FEB2BCEDB14009CE9F8 /* FirebaseAnalyticsSwift */; };
		85A97FEE2BCEDB14009CE9F8 /* FirebaseAnalyticsWithoutAdIdSupport in Frameworks */ = {isa = PBXBuildFile; productRef = 85A97FED2BCEDB14009CE9F8 /* FirebaseAnalyticsWithoutAdIdSupport */; };
		85A97FF02BCEDB14009CE9F8 /* FirebaseAppCheck in Frameworks */ = {isa = PBXBuildFile; productRef = 85A97FEF2BCEDB14009CE9F8 /* FirebaseAppCheck */; };
		85A97FF22BCEDB14009CE9F8 /* FirebaseAppDistribution-Beta in Frameworks */ = {isa = PBXBuildFile; productRef = 85A97FF12BCEDB14009CE9F8 /* FirebaseAppDistribution-Beta */; };
		85A97FF42BCEDB14009CE9F8 /* FirebaseAuth in Frameworks */ = {isa = PBXBuildFile; productRef = 85A97FF32BCEDB14009CE9F8 /* FirebaseAuth */; };
		85A97FF62BCEDB14009CE9F8 /* FirebaseAuthCombine-Community in Frameworks */ = {isa = PBXBuildFile; productRef = 85A97FF52BCEDB14009CE9F8 /* FirebaseAuthCombine-Community */; };
		85A97FF82BCEDB14009CE9F8 /* FirebaseCrashlytics in Frameworks */ = {isa = PBXBuildFile; productRef = 85A97FF72BCEDB14009CE9F8 /* FirebaseCrashlytics */; };
		85A97FFA2BCEDB14009CE9F8 /* FirebaseDatabase in Frameworks */ = {isa = PBXBuildFile; productRef = 85A97FF92BCEDB14009CE9F8 /* FirebaseDatabase */; };
		85A97FFC2BCEDB14009CE9F8 /* FirebaseDatabaseSwift in Frameworks */ = {isa = PBXBuildFile; productRef = 85A97FFB2BCEDB14009CE9F8 /* FirebaseDatabaseSwift */; };
		85A97FFE2BCEDB14009CE9F8 /* FirebaseDynamicLinks in Frameworks */ = {isa = PBXBuildFile; productRef = 85A97FFD2BCEDB14009CE9F8 /* FirebaseDynamicLinks */; };
		85A980002BCEDB14009CE9F8 /* FirebaseFirestore in Frameworks */ = {isa = PBXBuildFile; productRef = 85A97FFF2BCEDB14009CE9F8 /* FirebaseFirestore */; };
		85A980022BCEDB14009CE9F8 /* FirebaseFirestoreCombine-Community in Frameworks */ = {isa = PBXBuildFile; productRef = 85A980012BCEDB14009CE9F8 /* FirebaseFirestoreCombine-Community */; };
		85A980042BCEDB14009CE9F8 /* FirebaseFirestoreSwift in Frameworks */ = {isa = PBXBuildFile; productRef = 85A980032BCEDB14009CE9F8 /* FirebaseFirestoreSwift */; };
		85A980062BCEDB14009CE9F8 /* FirebaseFunctions in Frameworks */ = {isa = PBXBuildFile; productRef = 85A980052BCEDB14009CE9F8 /* FirebaseFunctions */; };
		85A980082BCEDB14009CE9F8 /* FirebaseFunctionsCombine-Community in Frameworks */ = {isa = PBXBuildFile; productRef = 85A980072BCEDB14009CE9F8 /* FirebaseFunctionsCombine-Community */; };
		85A9800A2BCEDB14009CE9F8 /* FirebaseInAppMessaging-Beta in Frameworks */ = {isa = PBXBuildFile; productRef = 85A980092BCEDB14009CE9F8 /* FirebaseInAppMessaging-Beta */; };
		85A9800C2BCEDB14009CE9F8 /* FirebaseInAppMessagingSwift-Beta in Frameworks */ = {isa = PBXBuildFile; productRef = 85A9800B2BCEDB14009CE9F8 /* FirebaseInAppMessagingSwift-Beta */; };
		85A9800E2BCEDB14009CE9F8 /* FirebaseInstallations in Frameworks */ = {isa = PBXBuildFile; productRef = 85A9800D2BCEDB14009CE9F8 /* FirebaseInstallations */; };
		85A980102BCEDB14009CE9F8 /* FirebaseMessaging in Frameworks */ = {isa = PBXBuildFile; productRef = 85A9800F2BCEDB14009CE9F8 /* FirebaseMessaging */; };
		85A980122BCEDB14009CE9F8 /* FirebaseMLModelDownloader in Frameworks */ = {isa = PBXBuildFile; productRef = 85A980112BCEDB14009CE9F8 /* FirebaseMLModelDownloader */; };
		85A980142BCEDB14009CE9F8 /* FirebasePerformance in Frameworks */ = {isa = PBXBuildFile; productRef = 85A980132BCEDB14009CE9F8 /* FirebasePerformance */; };
		85A980162BCEDB14009CE9F8 /* FirebaseRemoteConfig in Frameworks */ = {isa = PBXBuildFile; productRef = 85A980152BCEDB14009CE9F8 /* FirebaseRemoteConfig */; };
		85A980182BCEDB14009CE9F8 /* FirebaseRemoteConfigSwift in Frameworks */ = {isa = PBXBuildFile; productRef = 85A980172BCEDB14009CE9F8 /* FirebaseRemoteConfigSwift */; };
		85A9801A2BCEDB14009CE9F8 /* FirebaseStorage in Frameworks */ = {isa = PBXBuildFile; productRef = 85A980192BCEDB14009CE9F8 /* FirebaseStorage */; };
		85A9801C2BCEDB14009CE9F8 /* FirebaseStorageCombine-Community in Frameworks */ = {isa = PBXBuildFile; productRef = 85A9801B2BCEDB14009CE9F8 /* FirebaseStorageCombine-Community */; };
		85A9801F2BCEE324009CE9F8 /* View1.swift in Sources */ = {isa = PBXBuildFile; fileRef = 85A9801E2BCEE324009CE9F8 /* View1.swift */; };
		85A980212BCEE33B009CE9F8 /* View2.swift in Sources */ = {isa = PBXBuildFile; fileRef = 85A980202BCEE33B009CE9F8 /* View2.swift */; };
		85A980232BCEE346009CE9F8 /* View3.swift in Sources */ = {isa = PBXBuildFile; fileRef = 85A980222BCEE346009CE9F8 /* View3.swift */; };
		85A980252BCEE9B7009CE9F8 /* Launch Screen.storyboard in Resources */ = {isa = PBXBuildFile; fileRef = 85A980242BCEE9B7009CE9F8 /* Launch Screen.storyboard */; };
		85A980282BD02F56009CE9F8 /* Room.usdz in Resources */ = {isa = PBXBuildFile; fileRef = 85A980272BD02F56009CE9F8 /* Room.usdz */; };
		85A9802A2BD035EC009CE9F8 /* SceneKit Scene.scn in Resources */ = {isa = PBXBuildFile; fileRef = 85A980292BD035EC009CE9F8 /* SceneKit Scene.scn */; };
/* End PBXBuildFile section */

/* Begin PBXContainerItemProxy section */
		85A97FC72BCED8EA009CE9F8 /* PBXContainerItemProxy */ = {
			isa = PBXContainerItemProxy;
			containerPortal = 85A97FAE2BCED8E9009CE9F8 /* Project object */;
			proxyType = 1;
			remoteGlobalIDString = 85A97FB52BCED8E9009CE9F8;
			remoteInfo = TA98App;
		};
		85A97FD12BCED8EA009CE9F8 /* PBXContainerItemProxy */ = {
			isa = PBXContainerItemProxy;
			containerPortal = 85A97FAE2BCED8E9009CE9F8 /* Project object */;
			proxyType = 1;
			remoteGlobalIDString = 85A97FB52BCED8E9009CE9F8;
			remoteInfo = TA98App;
		};
/* End PBXContainerItemProxy section */

/* Begin PBXFileReference section */
		85032B452BEAEDEA00519CE5 /* Cyan.scn */ = {isa = PBXFileReference; lastKnownFileType = file.bplist; path = Cyan.scn; sourceTree = "<group>"; };
		85032B472BEAEE8D00519CE5 /* Home8.swift */ = {isa = PBXFileReference; lastKnownFileType = sourcecode.swift; path = Home8.swift; sourceTree = "<group>"; };
		85032B492BEAF04000519CE5 /* Yellow.scn */ = {isa = PBXFileReference; lastKnownFileType = file.bplist; path = Yellow.scn; sourceTree = "<group>"; };
		85032B4B2BEAF0A400519CE5 /* Home9.swift */ = {isa = PBXFileReference; lastKnownFileType = sourcecode.swift; path = Home9.swift; sourceTree = "<group>"; };
		85032B4D2BEAF2FA00519CE5 /* LighterBlue.scn */ = {isa = PBXFileReference; lastKnownFileType = file.bplist; path = LighterBlue.scn; sourceTree = "<group>"; };
		85032B4F2BEAF32E00519CE5 /* Home10.swift */ = {isa = PBXFileReference; lastKnownFileType = sourcecode.swift; path = Home10.swift; sourceTree = "<group>"; };
		85032B512BEAF56C00519CE5 /* HotPink.scn */ = {isa = PBXFileReference; lastKnownFileType = file.bplist; path = HotPink.scn; sourceTree = "<group>"; };
		85032B532BEAF5BB00519CE5 /* Home11.swift */ = {isa = PBXFileReference; lastKnownFileType = sourcecode.swift; path = Home11.swift; sourceTree = "<group>"; };
		85032B552BEAF7F300519CE5 /* Gray.scn */ = {isa = PBXFileReference; lastKnownFileType = file.bplist; path = Gray.scn; sourceTree = "<group>"; };
		85032B572BEAF85900519CE5 /* Home12.swift */ = {isa = PBXFileReference; lastKnownFileType = sourcecode.swift; path = Home12.swift; sourceTree = "<group>"; };
		85032B592BEAFB7600519CE5 /* DarkGreen.scn */ = {isa = PBXFileReference; lastKnownFileType = file.bplist; path = DarkGreen.scn; sourceTree = "<group>"; };
		85032B5B2BEAFBAA00519CE5 /* Home13.swift */ = {isa = PBXFileReference; lastKnownFileType = sourcecode.swift; path = Home13.swift; sourceTree = "<group>"; };
		851B7D452BE95BD600493B92 /* PinkPaint.scn */ = {isa = PBXFileReference; lastKnownFileType = file.bplist; path = PinkPaint.scn; sourceTree = "<group>"; };
		851B7D472BE99D3B00493B92 /* DarkBlue.scn */ = {isa = PBXFileReference; lastKnownFileType = file.bplist; path = DarkBlue.scn; sourceTree = "<group>"; };
		851B7D492BE9A22300493B92 /* LimeGreen.scn */ = {isa = PBXFileReference; lastKnownFileType = file.bplist; path = LimeGreen.scn; sourceTree = "<group>"; };
		851B7D4B2BE9A27200493B92 /* Home4.swift */ = {isa = PBXFileReference; lastKnownFileType = sourcecode.swift; path = Home4.swift; sourceTree = "<group>"; };
		851B7D4D2BE9A62A00493B92 /* Gold.scn */ = {isa = PBXFileReference; lastKnownFileType = file.bplist; path = Gold.scn; sourceTree = "<group>"; };
		851B7D4F2BE9A6D700493B92 /* Home5.swift */ = {isa = PBXFileReference; lastKnownFileType = sourcecode.swift; path = Home5.swift; sourceTree = "<group>"; };
		851B7D512BE9AA1700493B92 /* DarkGold.scn */ = {isa = PBXFileReference; lastKnownFileType = file.bplist; path = DarkGold.scn; sourceTree = "<group>"; };
		851B7D532BE9AA5600493B92 /* Home6.swift */ = {isa = PBXFileReference; lastKnownFileType = sourcecode.swift; path = Home6.swift; sourceTree = "<group>"; };
		851B7D552BE9ADCA00493B92 /* LightBlue.scn */ = {isa = PBXFileReference; lastKnownFileType = file.bplist; path = LightBlue.scn; sourceTree = "<group>"; };
		851B7D572BE9AE4F00493B92 /* Home7.swift */ = {isa = PBXFileReference; lastKnownFileType = sourcecode.swift; path = Home7.swift; sourceTree = "<group>"; };
		856656192BE16113001787E9 /* Book.scn */ = {isa = PBXFileReference; lastKnownFileType = file.bplist; path = Book.scn; sourceTree = "<group>"; };
		8566561B2BE1624C001787E9 /* CustomSceneView.swift */ = {isa = PBXFileReference; lastKnownFileType = sourcecode.swift; path = CustomSceneView.swift; sourceTree = "<group>"; };
		8566561D2BE166C7001787E9 /* Home.swift */ = {isa = PBXFileReference; lastKnownFileType = sourcecode.swift; path = Home.swift; sourceTree = "<group>"; };
		857B04742BE1B208006AFE46 /* Number1.swift */ = {isa = PBXFileReference; lastKnownFileType = sourcecode.swift; path = Number1.swift; sourceTree = "<group>"; };
		8595B0812BD2D6C300820790 /* carouselExample.swift */ = {isa = PBXFileReference; lastKnownFileType = sourcecode.swift; path = carouselExample.swift; sourceTree = "<group>"; };
		8595B0832BD2E27F00820790 /* dropdown.swift */ = {isa = PBXFileReference; lastKnownFileType = sourcecode.swift; path = dropdown.swift; sourceTree = "<group>"; };
		8595B0852BD3158E00820790 /* ParaNosotrasCarousel.swift */ = {isa = PBXFileReference; lastKnownFileType = sourcecode.swift; path = ParaNosotrasCarousel.swift; sourceTree = "<group>"; };
		85A16DEB2BE426DA009196A2 /* OnlineArt.swift */ = {isa = PBXFileReference; lastKnownFileType = sourcecode.swift; path = OnlineArt.swift; sourceTree = "<group>"; };
		85A16DEE2BE42DE5009196A2 /* GallaryViewProjecting.swift */ = {isa = PBXFileReference; lastKnownFileType = sourcecode.swift; path = GallaryViewProjecting.swift; sourceTree = "<group>"; };
		85A16DF02BE70B51009196A2 /* FourthScreen.swift */ = {isa = PBXFileReference; lastKnownFileType = sourcecode.swift; path = FourthScreen.swift; sourceTree = "<group>"; };
		85A16DF22BE83243009196A2 /* Home2.swift */ = {isa = PBXFileReference; lastKnownFileType = sourcecode.swift; path = Home2.swift; sourceTree = "<group>"; };
		85A16DF42BE834C4009196A2 /* DeckCards1.scn */ = {isa = PBXFileReference; lastKnownFileType = file.bplist; path = DeckCards1.scn; sourceTree = "<group>"; };
		85A16DF62BE8430C009196A2 /* Deck2.scn */ = {isa = PBXFileReference; lastKnownFileType = file.bplist; path = Deck2.scn; sourceTree = "<group>"; };
		85A16DF82BE84389009196A2 /* Home3.swift */ = {isa = PBXFileReference; lastKnownFileType = sourcecode.swift; path = Home3.swift; sourceTree = "<group>"; };
		85A16DFA2BE94A85009196A2 /* RedPaintFlat.scn */ = {isa = PBXFileReference; lastKnownFileType = file.bplist; path = RedPaintFlat.scn; sourceTree = "<group>"; };
		85A97FB62BCED8E9009CE9F8 /* TA98App.app */ = {isa = PBXFileReference; explicitFileType = wrapper.application; includeInIndex = 0; path = TA98App.app; sourceTree = BUILT_PRODUCTS_DIR; };
		85A97FB92BCED8E9009CE9F8 /* TA98AppApp.swift */ = {isa = PBXFileReference; lastKnownFileType = sourcecode.swift; path = TA98AppApp.swift; sourceTree = "<group>"; };
		85A97FBB2BCED8E9009CE9F8 /* ContentView.swift */ = {isa = PBXFileReference; lastKnownFileType = sourcecode.swift; path = ContentView.swift; sourceTree = "<group>"; };
		85A97FBD2BCED8EA009CE9F8 /* Assets.xcassets */ = {isa = PBXFileReference; lastKnownFileType = folder.assetcatalog; path = Assets.xcassets; sourceTree = "<group>"; };
		85A97FC02BCED8EA009CE9F8 /* Preview Assets.xcassets */ = {isa = PBXFileReference; lastKnownFileType = folder.assetcatalog; path = "Preview Assets.xcassets"; sourceTree = "<group>"; };
		85A97FC62BCED8EA009CE9F8 /* TA98AppTests.xctest */ = {isa = PBXFileReference; explicitFileType = wrapper.cfbundle; includeInIndex = 0; path = TA98AppTests.xctest; sourceTree = BUILT_PRODUCTS_DIR; };
		85A97FCA2BCED8EA009CE9F8 /* TA98AppTests.swift */ = {isa = PBXFileReference; lastKnownFileType = sourcecode.swift; path = TA98AppTests.swift; sourceTree = "<group>"; };
		85A97FD02BCED8EA009CE9F8 /* TA98AppUITests.xctest */ = {isa = PBXFileReference; explicitFileType = wrapper.cfbundle; includeInIndex = 0; path = TA98AppUITests.xctest; sourceTree = BUILT_PRODUCTS_DIR; };
		85A97FD42BCED8EA009CE9F8 /* TA98AppUITests.swift */ = {isa = PBXFileReference; lastKnownFileType = sourcecode.swift; path = TA98AppUITests.swift; sourceTree = "<group>"; };
		85A97FD62BCED8EA009CE9F8 /* TA98AppUITestsLaunchTests.swift */ = {isa = PBXFileReference; lastKnownFileType = sourcecode.swift; path = TA98AppUITestsLaunchTests.swift; sourceTree = "<group>"; };
		85A97FE42BCEDAE0009CE9F8 /* GoogleService-Info.plist */ = {isa = PBXFileReference; fileEncoding = 4; lastKnownFileType = text.plist.xml; path = "GoogleService-Info.plist"; sourceTree = "<group>"; };
		85A9801E2BCEE324009CE9F8 /* View1.swift */ = {isa = PBXFileReference; lastKnownFileType = sourcecode.swift; path = View1.swift; sourceTree = "<group>"; };
		85A980202BCEE33B009CE9F8 /* View2.swift */ = {isa = PBXFileReference; lastKnownFileType = sourcecode.swift; path = View2.swift; sourceTree = "<group>"; };
		85A980222BCEE346009CE9F8 /* View3.swift */ = {isa = PBXFileReference; lastKnownFileType = sourcecode.swift; path = View3.swift; sourceTree = "<group>"; };
		85A980242BCEE9B7009CE9F8 /* Launch Screen.storyboard */ = {isa = PBXFileReference; lastKnownFileType = file.storyboard; path = "Launch Screen.storyboard"; sourceTree = "<group>"; };
		85A980272BD02F56009CE9F8 /* Room.usdz */ = {isa = PBXFileReference; lastKnownFileType = file.usdz; path = Room.usdz; sourceTree = "<group>"; };
		85A980292BD035EC009CE9F8 /* SceneKit Scene.scn */ = {isa = PBXFileReference; lastKnownFileType = file.bplist; path = "SceneKit Scene.scn"; sourceTree = "<group>"; };
/* End PBXFileReference section */

/* Begin PBXFrameworksBuildPhase section */
		85A97FB32BCED8E9009CE9F8 /* Frameworks */ = {
			isa = PBXFrameworksBuildPhase;
			buildActionMask = 2147483647;
			files = (
				85A97FFA2BCEDB14009CE9F8 /* FirebaseDatabase in Frameworks */,
				85A980082BCEDB14009CE9F8 /* FirebaseFunctionsCombine-Community in Frameworks */,
				85A980002BCEDB14009CE9F8 /* FirebaseFirestore in Frameworks */,
				85A97FEC2BCEDB14009CE9F8 /* FirebaseAnalyticsSwift in Frameworks */,
				85A97FE82BCEDB14009CE9F8 /* FirebaseAnalytics in Frameworks */,
				85A97FEA2BCEDB14009CE9F8 /* FirebaseAnalyticsOnDeviceConversion in Frameworks */,
				85A980042BCEDB14009CE9F8 /* FirebaseFirestoreSwift in Frameworks */,
				85A980122BCEDB14009CE9F8 /* FirebaseMLModelDownloader in Frameworks */,
				85A97FF02BCEDB14009CE9F8 /* FirebaseAppCheck in Frameworks */,
				85A97FEE2BCEDB14009CE9F8 /* FirebaseAnalyticsWithoutAdIdSupport in Frameworks */,
				85A980102BCEDB14009CE9F8 /* FirebaseMessaging in Frameworks */,
				85A97FF42BCEDB14009CE9F8 /* FirebaseAuth in Frameworks */,
				85A980182BCEDB14009CE9F8 /* FirebaseRemoteConfigSwift in Frameworks */,
				85A97FF82BCEDB14009CE9F8 /* FirebaseCrashlytics in Frameworks */,
				85A9800A2BCEDB14009CE9F8 /* FirebaseInAppMessaging-Beta in Frameworks */,
				85A97FFC2BCEDB14009CE9F8 /* FirebaseDatabaseSwift in Frameworks */,
				85A9801C2BCEDB14009CE9F8 /* FirebaseStorageCombine-Community in Frameworks */,
				85A980162BCEDB14009CE9F8 /* FirebaseRemoteConfig in Frameworks */,
				85A980062BCEDB14009CE9F8 /* FirebaseFunctions in Frameworks */,
				85A97FF22BCEDB14009CE9F8 /* FirebaseAppDistribution-Beta in Frameworks */,
				85A980142BCEDB14009CE9F8 /* FirebasePerformance in Frameworks */,
				85A97FF62BCEDB14009CE9F8 /* FirebaseAuthCombine-Community in Frameworks */,
				85A9801A2BCEDB14009CE9F8 /* FirebaseStorage in Frameworks */,
				85A9800C2BCEDB14009CE9F8 /* FirebaseInAppMessagingSwift-Beta in Frameworks */,
				85A97FFE2BCEDB14009CE9F8 /* FirebaseDynamicLinks in Frameworks */,
				85A980022BCEDB14009CE9F8 /* FirebaseFirestoreCombine-Community in Frameworks */,
				85A9800E2BCEDB14009CE9F8 /* FirebaseInstallations in Frameworks */,
			);
			runOnlyForDeploymentPostprocessing = 0;
		};
		85A97FC32BCED8EA009CE9F8 /* Frameworks */ = {
			isa = PBXFrameworksBuildPhase;
			buildActionMask = 2147483647;
			files = (
			);
			runOnlyForDeploymentPostprocessing = 0;
		};
		85A97FCD2BCED8EA009CE9F8 /* Frameworks */ = {
			isa = PBXFrameworksBuildPhase;
			buildActionMask = 2147483647;
			files = (
			);
			runOnlyForDeploymentPostprocessing = 0;
		};
/* End PBXFrameworksBuildPhase section */

/* Begin PBXGroup section */
		856656182BE15BBF001787E9 /* PracticeObjects */ = {
			isa = PBXGroup;
			children = (
				8566561B2BE1624C001787E9 /* CustomSceneView.swift */,
				8566561D2BE166C7001787E9 /* Home.swift */,
				85A16DF22BE83243009196A2 /* Home2.swift */,
				85A16DF82BE84389009196A2 /* Home3.swift */,
				851B7D4B2BE9A27200493B92 /* Home4.swift */,
				851B7D4F2BE9A6D700493B92 /* Home5.swift */,
				851B7D532BE9AA5600493B92 /* Home6.swift */,
				851B7D572BE9AE4F00493B92 /* Home7.swift */,
				85032B472BEAEE8D00519CE5 /* Home8.swift */,
				85032B4B2BEAF0A400519CE5 /* Home9.swift */,
				85032B4F2BEAF32E00519CE5 /* Home10.swift */,
				85032B532BEAF5BB00519CE5 /* Home11.swift */,
				85032B572BEAF85900519CE5 /* Home12.swift */,
				85032B5B2BEAFBAA00519CE5 /* Home13.swift */,
			);
			path = PracticeObjects;
			sourceTree = "<group>";
		};
		8595B0872BD3159E00820790 /* Carousels */ = {
			isa = PBXGroup;
			children = (
				8595B0812BD2D6C300820790 /* carouselExample.swift */,
				8595B0852BD3158E00820790 /* ParaNosotrasCarousel.swift */,
			);
			path = Carousels;
			sourceTree = "<group>";
		};
		85A16DED2BE426F4009196A2 /* Online Gallery  */ = {
			isa = PBXGroup;
			children = (
				85A16DEB2BE426DA009196A2 /* OnlineArt.swift */,
				85A16DEE2BE42DE5009196A2 /* GallaryViewProjecting.swift */,
			);
			path = "Online Gallery ";
			sourceTree = "<group>";
		};
		85A97FAD2BCED8E9009CE9F8 = {
			isa = PBXGroup;
			children = (
				85032B592BEAFB7600519CE5 /* DarkGreen.scn */,
				85032B552BEAF7F300519CE5 /* Gray.scn */,
				85032B512BEAF56C00519CE5 /* HotPink.scn */,
				85032B4D2BEAF2FA00519CE5 /* LighterBlue.scn */,
				85032B492BEAF04000519CE5 /* Yellow.scn */,
				85032B452BEAEDEA00519CE5 /* Cyan.scn */,
				851B7D552BE9ADCA00493B92 /* LightBlue.scn */,
				851B7D512BE9AA1700493B92 /* DarkGold.scn */,
				851B7D4D2BE9A62A00493B92 /* Gold.scn */,
				851B7D492BE9A22300493B92 /* LimeGreen.scn */,
				851B7D472BE99D3B00493B92 /* DarkBlue.scn */,
				851B7D452BE95BD600493B92 /* PinkPaint.scn */,
				85A16DFA2BE94A85009196A2 /* RedPaintFlat.scn */,
				85A16DF62BE8430C009196A2 /* Deck2.scn */,
				85A16DF42BE834C4009196A2 /* DeckCards1.scn */,
				856656192BE16113001787E9 /* Book.scn */,
				85A97FE42BCEDAE0009CE9F8 /* GoogleService-Info.plist */,
				85A97FB82BCED8E9009CE9F8 /* TA98App */,
				85A97FC92BCED8EA009CE9F8 /* TA98AppTests */,
				85A97FD32BCED8EA009CE9F8 /* TA98AppUITests */,
				85A97FB72BCED8E9009CE9F8 /* Products */,
				85A97FE62BCEDB14009CE9F8 /* Frameworks */,
			);
			sourceTree = "<group>";
		};
		85A97FB72BCED8E9009CE9F8 /* Products */ = {
			isa = PBXGroup;
			children = (
				85A97FB62BCED8E9009CE9F8 /* TA98App.app */,
				85A97FC62BCED8EA009CE9F8 /* TA98AppTests.xctest */,
				85A97FD02BCED8EA009CE9F8 /* TA98AppUITests.xctest */,
			);
			name = Products;
			sourceTree = "<group>";
		};
		85A97FB82BCED8E9009CE9F8 /* TA98App */ = {
			isa = PBXGroup;
			children = (
				85A97FB92BCED8E9009CE9F8 /* TA98AppApp.swift */,
				85A16DED2BE426F4009196A2 /* Online Gallery  */,
				856656182BE15BBF001787E9 /* PracticeObjects */,
				85A980262BD02F3C009CE9F8 /* 3DFiles */,
				85A9801D2BCEDF60009CE9F8 /* Views */,
				8595B0872BD3159E00820790 /* Carousels */,
				85A97FBD2BCED8EA009CE9F8 /* Assets.xcassets */,
				85A97FBF2BCED8EA009CE9F8 /* Preview Content */,
			);
			path = TA98App;
			sourceTree = "<group>";
		};
		85A97FBF2BCED8EA009CE9F8 /* Preview Content */ = {
			isa = PBXGroup;
			children = (
				85A97FC02BCED8EA009CE9F8 /* Preview Assets.xcassets */,
			);
			path = "Preview Content";
			sourceTree = "<group>";
		};
		85A97FC92BCED8EA009CE9F8 /* TA98AppTests */ = {
			isa = PBXGroup;
			children = (
				85A97FCA2BCED8EA009CE9F8 /* TA98AppTests.swift */,
			);
			path = TA98AppTests;
			sourceTree = "<group>";
		};
		85A97FD32BCED8EA009CE9F8 /* TA98AppUITests */ = {
			isa = PBXGroup;
			children = (
				85A97FD42BCED8EA009CE9F8 /* TA98AppUITests.swift */,
				85A97FD62BCED8EA009CE9F8 /* TA98AppUITestsLaunchTests.swift */,
			);
			path = TA98AppUITests;
			sourceTree = "<group>";
		};
		85A97FE62BCEDB14009CE9F8 /* Frameworks */ = {
			isa = PBXGroup;
			children = (
			);
			name = Frameworks;
			sourceTree = "<group>";
		};
		85A9801D2BCEDF60009CE9F8 /* Views */ = {
			isa = PBXGroup;
			children = (
				85A980242BCEE9B7009CE9F8 /* Launch Screen.storyboard */,
				85A97FBB2BCED8E9009CE9F8 /* ContentView.swift */,
				85A16DF02BE70B51009196A2 /* FourthScreen.swift */,
				85A9801E2BCEE324009CE9F8 /* View1.swift */,
				857B04742BE1B208006AFE46 /* Number1.swift */,
				85A980202BCEE33B009CE9F8 /* View2.swift */,
				85A980222BCEE346009CE9F8 /* View3.swift */,
				8595B0832BD2E27F00820790 /* dropdown.swift */,
			);
			path = Views;
			sourceTree = "<group>";
		};
		85A980262BD02F3C009CE9F8 /* 3DFiles */ = {
			isa = PBXGroup;
			children = (
				85A980272BD02F56009CE9F8 /* Room.usdz */,
				85A980292BD035EC009CE9F8 /* SceneKit Scene.scn */,
			);
			path = 3DFiles;
			sourceTree = "<group>";
		};
/* End PBXGroup section */

/* Begin PBXNativeTarget section */
		85A97FB52BCED8E9009CE9F8 /* TA98App */ = {
			isa = PBXNativeTarget;
			buildConfigurationList = 85A97FDA2BCED8EA009CE9F8 /* Build configuration list for PBXNativeTarget "TA98App" */;
			buildPhases = (
				85A97FB22BCED8E9009CE9F8 /* Sources */,
				85A97FB32BCED8E9009CE9F8 /* Frameworks */,
				85A97FB42BCED8E9009CE9F8 /* Resources */,
			);
			buildRules = (
			);
			dependencies = (
			);
			name = TA98App;
			packageProductDependencies = (
				85A97FE72BCEDB14009CE9F8 /* FirebaseAnalytics */,
				85A97FE92BCEDB14009CE9F8 /* FirebaseAnalyticsOnDeviceConversion */,
				85A97FEB2BCEDB14009CE9F8 /* FirebaseAnalyticsSwift */,
				85A97FED2BCEDB14009CE9F8 /* FirebaseAnalyticsWithoutAdIdSupport */,
				85A97FEF2BCEDB14009CE9F8 /* FirebaseAppCheck */,
				85A97FF12BCEDB14009CE9F8 /* FirebaseAppDistribution-Beta */,
				85A97FF32BCEDB14009CE9F8 /* FirebaseAuth */,
				85A97FF52BCEDB14009CE9F8 /* FirebaseAuthCombine-Community */,
				85A97FF72BCEDB14009CE9F8 /* FirebaseCrashlytics */,
				85A97FF92BCEDB14009CE9F8 /* FirebaseDatabase */,
				85A97FFB2BCEDB14009CE9F8 /* FirebaseDatabaseSwift */,
				85A97FFD2BCEDB14009CE9F8 /* FirebaseDynamicLinks */,
				85A97FFF2BCEDB14009CE9F8 /* FirebaseFirestore */,
				85A980012BCEDB14009CE9F8 /* FirebaseFirestoreCombine-Community */,
				85A980032BCEDB14009CE9F8 /* FirebaseFirestoreSwift */,
				85A980052BCEDB14009CE9F8 /* FirebaseFunctions */,
				85A980072BCEDB14009CE9F8 /* FirebaseFunctionsCombine-Community */,
				85A980092BCEDB14009CE9F8 /* FirebaseInAppMessaging-Beta */,
				85A9800B2BCEDB14009CE9F8 /* FirebaseInAppMessagingSwift-Beta */,
				85A9800D2BCEDB14009CE9F8 /* FirebaseInstallations */,
				85A9800F2BCEDB14009CE9F8 /* FirebaseMessaging */,
				85A980112BCEDB14009CE9F8 /* FirebaseMLModelDownloader */,
				85A980132BCEDB14009CE9F8 /* FirebasePerformance */,
				85A980152BCEDB14009CE9F8 /* FirebaseRemoteConfig */,
				85A980172BCEDB14009CE9F8 /* FirebaseRemoteConfigSwift */,
				85A980192BCEDB14009CE9F8 /* FirebaseStorage */,
				85A9801B2BCEDB14009CE9F8 /* FirebaseStorageCombine-Community */,
			);
			productName = TA98App;
			productReference = 85A97FB62BCED8E9009CE9F8 /* TA98App.app */;
			productType = "com.apple.product-type.application";
		};
		85A97FC52BCED8EA009CE9F8 /* TA98AppTests */ = {
			isa = PBXNativeTarget;
			buildConfigurationList = 85A97FDD2BCED8EA009CE9F8 /* Build configuration list for PBXNativeTarget "TA98AppTests" */;
			buildPhases = (
				85A97FC22BCED8EA009CE9F8 /* Sources */,
				85A97FC32BCED8EA009CE9F8 /* Frameworks */,
				85A97FC42BCED8EA009CE9F8 /* Resources */,
			);
			buildRules = (
			);
			dependencies = (
				85A97FC82BCED8EA009CE9F8 /* PBXTargetDependency */,
			);
			name = TA98AppTests;
			productName = TA98AppTests;
			productReference = 85A97FC62BCED8EA009CE9F8 /* TA98AppTests.xctest */;
			productType = "com.apple.product-type.bundle.unit-test";
		};
		85A97FCF2BCED8EA009CE9F8 /* TA98AppUITests */ = {
			isa = PBXNativeTarget;
			buildConfigurationList = 85A97FE02BCED8EA009CE9F8 /* Build configuration list for PBXNativeTarget "TA98AppUITests" */;
			buildPhases = (
				85A97FCC2BCED8EA009CE9F8 /* Sources */,
				85A97FCD2BCED8EA009CE9F8 /* Frameworks */,
				85A97FCE2BCED8EA009CE9F8 /* Resources */,
			);
			buildRules = (
			);
			dependencies = (
				85A97FD22BCED8EA009CE9F8 /* PBXTargetDependency */,
			);
			name = TA98AppUITests;
			productName = TA98AppUITests;
			productReference = 85A97FD02BCED8EA009CE9F8 /* TA98AppUITests.xctest */;
			productType = "com.apple.product-type.bundle.ui-testing";
		};
/* End PBXNativeTarget section */

/* Begin PBXProject section */
		85A97FAE2BCED8E9009CE9F8 /* Project object */ = {
			isa = PBXProject;
			attributes = {
				BuildIndependentTargetsInParallel = 1;
				LastSwiftUpdateCheck = 1530;
				LastUpgradeCheck = 1530;
				TargetAttributes = {
					85A97FB52BCED8E9009CE9F8 = {
						CreatedOnToolsVersion = 15.3;
					};
					85A97FC52BCED8EA009CE9F8 = {
						CreatedOnToolsVersion = 15.3;
						TestTargetID = 85A97FB52BCED8E9009CE9F8;
					};
					85A97FCF2BCED8EA009CE9F8 = {
						CreatedOnToolsVersion = 15.3;
						TestTargetID = 85A97FB52BCED8E9009CE9F8;
					};
				};
			};
			buildConfigurationList = 85A97FB12BCED8E9009CE9F8 /* Build configuration list for PBXProject "TA98App" */;
			compatibilityVersion = "Xcode 14.0";
			developmentRegion = en;
			hasScannedForEncodings = 0;
			knownRegions = (
				en,
				Base,
			);
			mainGroup = 85A97FAD2BCED8E9009CE9F8;
			packageReferences = (
				85A97FE32BCED9C2009CE9F8 /* XCRemoteSwiftPackageReference "firebase-ios-sdk" */,
			);
			productRefGroup = 85A97FB72BCED8E9009CE9F8 /* Products */;
			projectDirPath = "";
			projectRoot = "";
			targets = (
				85A97FB52BCED8E9009CE9F8 /* TA98App */,
				85A97FC52BCED8EA009CE9F8 /* TA98AppTests */,
				85A97FCF2BCED8EA009CE9F8 /* TA98AppUITests */,
			);
		};
/* End PBXProject section */

/* Begin PBXResourcesBuildPhase section */
		85A97FB42BCED8E9009CE9F8 /* Resources */ = {
			isa = PBXResourcesBuildPhase;
			buildActionMask = 2147483647;
			files = (
				85032B5A2BEAFB7700519CE5 /* DarkGreen.scn in Resources */,
				85032B562BEAF7F300519CE5 /* Gray.scn in Resources */,
				85032B522BEAF56C00519CE5 /* HotPink.scn in Resources */,
				85032B4E2BEAF2FA00519CE5 /* LighterBlue.scn in Resources */,
				85032B4A2BEAF04000519CE5 /* Yellow.scn in Resources */,
				85032B462BEAEDEA00519CE5 /* Cyan.scn in Resources */,
				851B7D562BE9ADCA00493B92 /* LightBlue.scn in Resources */,
				851B7D522BE9AA1700493B92 /* DarkGold.scn in Resources */,
				851B7D4E2BE9A62A00493B92 /* Gold.scn in Resources */,
				851B7D4A2BE9A22300493B92 /* LimeGreen.scn in Resources */,
				851B7D482BE99D3B00493B92 /* DarkBlue.scn in Resources */,
				851B7D462BE95BD600493B92 /* PinkPaint.scn in Resources */,
				85A16DFB2BE94A85009196A2 /* RedPaintFlat.scn in Resources */,
				85A16DF72BE8430C009196A2 /* Deck2.scn in Resources */,
				85A16DF52BE834C4009196A2 /* DeckCards1.scn in Resources */,
				8566561A2BE16113001787E9 /* Book.scn in Resources */,
				85A97FC12BCED8EA009CE9F8 /* Preview Assets.xcassets in Resources */,
				85A97FBE2BCED8EA009CE9F8 /* Assets.xcassets in Resources */,
				85A9802A2BD035EC009CE9F8 /* SceneKit Scene.scn in Resources */,
				85A980252BCEE9B7009CE9F8 /* Launch Screen.storyboard in Resources */,
				85A97FE52BCEDAE0009CE9F8 /* GoogleService-Info.plist in Resources */,
				85A980282BD02F56009CE9F8 /* Room.usdz in Resources */,
			);
			runOnlyForDeploymentPostprocessing = 0;
		};
		85A97FC42BCED8EA009CE9F8 /* Resources */ = {
			isa = PBXResourcesBuildPhase;
			buildActionMask = 2147483647;
			files = (
			);
			runOnlyForDeploymentPostprocessing = 0;
		};
		85A97FCE2BCED8EA009CE9F8 /* Resources */ = {
			isa = PBXResourcesBuildPhase;
			buildActionMask = 2147483647;
			files = (
			);
			runOnlyForDeploymentPostprocessing = 0;
		};
/* End PBXResourcesBuildPhase section */

/* Begin PBXSourcesBuildPhase section */
		85A97FB22BCED8E9009CE9F8 /* Sources */ = {
			isa = PBXSourcesBuildPhase;
			buildActionMask = 2147483647;
			files = (
				85032B582BEAF85900519CE5 /* Home12.swift in Sources */,
				8595B0862BD3158E00820790 /* ParaNosotrasCarousel.swift in Sources */,
				85032B5C2BEAFBAA00519CE5 /* Home13.swift in Sources */,
				85A16DEF2BE42DE5009196A2 /* GallaryViewProjecting.swift in Sources */,
				851B7D582BE9AE5000493B92 /* Home7.swift in Sources */,
				85A16DF92BE84389009196A2 /* Home3.swift in Sources */,
				851B7D542BE9AA5600493B92 /* Home6.swift in Sources */,
				85A16DF32BE83243009196A2 /* Home2.swift in Sources */,
				85032B4C2BEAF0A400519CE5 /* Home9.swift in Sources */,
				8595B0842BD2E27F00820790 /* dropdown.swift in Sources */,
				8566561E2BE166C7001787E9 /* Home.swift in Sources */,
				8595B0822BD2D6C300820790 /* carouselExample.swift in Sources */,
				85A97FBC2BCED8E9009CE9F8 /* ContentView.swift in Sources */,
				85A980232BCEE346009CE9F8 /* View3.swift in Sources */,
				851B7D4C2BE9A27200493B92 /* Home4.swift in Sources */,
				85A16DF12BE70B51009196A2 /* FourthScreen.swift in Sources */,
				85032B502BEAF32E00519CE5 /* Home10.swift in Sources */,
				85A16DEC2BE426DA009196A2 /* OnlineArt.swift in Sources */,
				85A9801F2BCEE324009CE9F8 /* View1.swift in Sources */,
				857B04752BE1B208006AFE46 /* Number1.swift in Sources */,
				85032B542BEAF5BB00519CE5 /* Home11.swift in Sources */,
				851B7D502BE9A6D800493B92 /* Home5.swift in Sources */,
				85032B482BEAEE8D00519CE5 /* Home8.swift in Sources */,
				85A97FBA2BCED8E9009CE9F8 /* TA98AppApp.swift in Sources */,
				8566561C2BE1624C001787E9 /* CustomSceneView.swift in Sources */,
				85A980212BCEE33B009CE9F8 /* View2.swift in Sources */,
			);
			runOnlyForDeploymentPostprocessing = 0;
		};
		85A97FC22BCED8EA009CE9F8 /* Sources */ = {
			isa = PBXSourcesBuildPhase;
			buildActionMask = 2147483647;
			files = (
				85A97FCB2BCED8EA009CE9F8 /* TA98AppTests.swift in Sources */,
			);
			runOnlyForDeploymentPostprocessing = 0;
		};
		85A97FCC2BCED8EA009CE9F8 /* Sources */ = {
			isa = PBXSourcesBuildPhase;
			buildActionMask = 2147483647;
			files = (
				85A97FD72BCED8EA009CE9F8 /* TA98AppUITestsLaunchTests.swift in Sources */,
				85A97FD52BCED8EA009CE9F8 /* TA98AppUITests.swift in Sources */,
			);
			runOnlyForDeploymentPostprocessing = 0;
		};
/* End PBXSourcesBuildPhase section */

/* Begin PBXTargetDependency section */
		85A97FC82BCED8EA009CE9F8 /* PBXTargetDependency */ = {
			isa = PBXTargetDependency;
			target = 85A97FB52BCED8E9009CE9F8 /* TA98App */;
			targetProxy = 85A97FC72BCED8EA009CE9F8 /* PBXContainerItemProxy */;
		};
		85A97FD22BCED8EA009CE9F8 /* PBXTargetDependency */ = {
			isa = PBXTargetDependency;
			target = 85A97FB52BCED8E9009CE9F8 /* TA98App */;
			targetProxy = 85A97FD12BCED8EA009CE9F8 /* PBXContainerItemProxy */;
		};
/* End PBXTargetDependency section */

/* Begin XCBuildConfiguration section */
		85A97FD82BCED8EA009CE9F8 /* Debug */ = {
			isa = XCBuildConfiguration;
			buildSettings = {
				ALWAYS_SEARCH_USER_PATHS = NO;
				ASSETCATALOG_COMPILER_GENERATE_SWIFT_ASSET_SYMBOL_EXTENSIONS = YES;
				CLANG_ANALYZER_NONNULL = YES;
				CLANG_ANALYZER_NUMBER_OBJECT_CONVERSION = YES_AGGRESSIVE;
				CLANG_CXX_LANGUAGE_STANDARD = "gnu++20";
				CLANG_ENABLE_MODULES = YES;
				CLANG_ENABLE_OBJC_ARC = YES;
				CLANG_ENABLE_OBJC_WEAK = YES;
				CLANG_WARN_BLOCK_CAPTURE_AUTORELEASING = YES;
				CLANG_WARN_BOOL_CONVERSION = YES;
				CLANG_WARN_COMMA = YES;
				CLANG_WARN_CONSTANT_CONVERSION = YES;
				CLANG_WARN_DEPRECATED_OBJC_IMPLEMENTATIONS = YES;
				CLANG_WARN_DIRECT_OBJC_ISA_USAGE = YES_ERROR;
				CLANG_WARN_DOCUMENTATION_COMMENTS = YES;
				CLANG_WARN_EMPTY_BODY = YES;
				CLANG_WARN_ENUM_CONVERSION = YES;
				CLANG_WARN_INFINITE_RECURSION = YES;
				CLANG_WARN_INT_CONVERSION = YES;
				CLANG_WARN_NON_LITERAL_NULL_CONVERSION = YES;
				CLANG_WARN_OBJC_IMPLICIT_RETAIN_SELF = YES;
				CLANG_WARN_OBJC_LITERAL_CONVERSION = YES;
				CLANG_WARN_OBJC_ROOT_CLASS = YES_ERROR;
				CLANG_WARN_QUOTED_INCLUDE_IN_FRAMEWORK_HEADER = YES;
				CLANG_WARN_RANGE_LOOP_ANALYSIS = YES;
				CLANG_WARN_STRICT_PROTOTYPES = YES;
				CLANG_WARN_SUSPICIOUS_MOVE = YES;
				CLANG_WARN_UNGUARDED_AVAILABILITY = YES_AGGRESSIVE;
				CLANG_WARN_UNREACHABLE_CODE = YES;
				CLANG_WARN__DUPLICATE_METHOD_MATCH = YES;
				COPY_PHASE_STRIP = NO;
				DEBUG_INFORMATION_FORMAT = dwarf;
				ENABLE_STRICT_OBJC_MSGSEND = YES;
				ENABLE_TESTABILITY = YES;
				ENABLE_USER_SCRIPT_SANDBOXING = YES;
				GCC_C_LANGUAGE_STANDARD = gnu17;
				GCC_DYNAMIC_NO_PIC = NO;
				GCC_NO_COMMON_BLOCKS = YES;
				GCC_OPTIMIZATION_LEVEL = 0;
				GCC_PREPROCESSOR_DEFINITIONS = (
					"DEBUG=1",
					"$(inherited)",
				);
				GCC_WARN_64_TO_32_BIT_CONVERSION = YES;
				GCC_WARN_ABOUT_RETURN_TYPE = YES_ERROR;
				GCC_WARN_UNDECLARED_SELECTOR = YES;
				GCC_WARN_UNINITIALIZED_AUTOS = YES_AGGRESSIVE;
				GCC_WARN_UNUSED_FUNCTION = YES;
				GCC_WARN_UNUSED_VARIABLE = YES;
				IPHONEOS_DEPLOYMENT_TARGET = 17.4;
				LOCALIZATION_PREFERS_STRING_CATALOGS = YES;
				MTL_ENABLE_DEBUG_INFO = INCLUDE_SOURCE;
				MTL_FAST_MATH = YES;
				ONLY_ACTIVE_ARCH = YES;
				SDKROOT = iphoneos;
				SWIFT_ACTIVE_COMPILATION_CONDITIONS = "DEBUG $(inherited)";
				SWIFT_OPTIMIZATION_LEVEL = "-Onone";
			};
			name = Debug;
		};
		85A97FD92BCED8EA009CE9F8 /* Release */ = {
			isa = XCBuildConfiguration;
			buildSettings = {
				ALWAYS_SEARCH_USER_PATHS = NO;
				ASSETCATALOG_COMPILER_GENERATE_SWIFT_ASSET_SYMBOL_EXTENSIONS = YES;
				CLANG_ANALYZER_NONNULL = YES;
				CLANG_ANALYZER_NUMBER_OBJECT_CONVERSION = YES_AGGRESSIVE;
				CLANG_CXX_LANGUAGE_STANDARD = "gnu++20";
				CLANG_ENABLE_MODULES = YES;
				CLANG_ENABLE_OBJC_ARC = YES;
				CLANG_ENABLE_OBJC_WEAK = YES;
				CLANG_WARN_BLOCK_CAPTURE_AUTORELEASING = YES;
				CLANG_WARN_BOOL_CONVERSION = YES;
				CLANG_WARN_COMMA = YES;
				CLANG_WARN_CONSTANT_CONVERSION = YES;
				CLANG_WARN_DEPRECATED_OBJC_IMPLEMENTATIONS = YES;
				CLANG_WARN_DIRECT_OBJC_ISA_USAGE = YES_ERROR;
				CLANG_WARN_DOCUMENTATION_COMMENTS = YES;
				CLANG_WARN_EMPTY_BODY = YES;
				CLANG_WARN_ENUM_CONVERSION = YES;
				CLANG_WARN_INFINITE_RECURSION = YES;
				CLANG_WARN_INT_CONVERSION = YES;
				CLANG_WARN_NON_LITERAL_NULL_CONVERSION = YES;
				CLANG_WARN_OBJC_IMPLICIT_RETAIN_SELF = YES;
				CLANG_WARN_OBJC_LITERAL_CONVERSION = YES;
				CLANG_WARN_OBJC_ROOT_CLASS = YES_ERROR;
				CLANG_WARN_QUOTED_INCLUDE_IN_FRAMEWORK_HEADER = YES;
				CLANG_WARN_RANGE_LOOP_ANALYSIS = YES;
				CLANG_WARN_STRICT_PROTOTYPES = YES;
				CLANG_WARN_SUSPICIOUS_MOVE = YES;
				CLANG_WARN_UNGUARDED_AVAILABILITY = YES_AGGRESSIVE;
				CLANG_WARN_UNREACHABLE_CODE = YES;
				CLANG_WARN__DUPLICATE_METHOD_MATCH = YES;
				COPY_PHASE_STRIP = NO;
				DEBUG_INFORMATION_FORMAT = "dwarf-with-dsym";
				ENABLE_NS_ASSERTIONS = NO;
				ENABLE_STRICT_OBJC_MSGSEND = YES;
				ENABLE_USER_SCRIPT_SANDBOXING = YES;
				GCC_C_LANGUAGE_STANDARD = gnu17;
				GCC_NO_COMMON_BLOCKS = YES;
				GCC_WARN_64_TO_32_BIT_CONVERSION = YES;
				GCC_WARN_ABOUT_RETURN_TYPE = YES_ERROR;
				GCC_WARN_UNDECLARED_SELECTOR = YES;
				GCC_WARN_UNINITIALIZED_AUTOS = YES_AGGRESSIVE;
				GCC_WARN_UNUSED_FUNCTION = YES;
				GCC_WARN_UNUSED_VARIABLE = YES;
				IPHONEOS_DEPLOYMENT_TARGET = 17.4;
				LOCALIZATION_PREFERS_STRING_CATALOGS = YES;
				MTL_ENABLE_DEBUG_INFO = NO;
				MTL_FAST_MATH = YES;
				SDKROOT = iphoneos;
				SWIFT_COMPILATION_MODE = wholemodule;
				VALIDATE_PRODUCT = YES;
			};
			name = Release;
		};
		85A97FDB2BCED8EA009CE9F8 /* Debug */ = {
			isa = XCBuildConfiguration;
			buildSettings = {
				ASSETCATALOG_COMPILER_APPICON_NAME = AppIcon;
				ASSETCATALOG_COMPILER_GLOBAL_ACCENT_COLOR_NAME = AccentColor;
				CODE_SIGN_STYLE = Automatic;
				CURRENT_PROJECT_VERSION = 1;
				DEVELOPMENT_ASSET_PATHS = "\"TA98App/Preview Content\"";
				DEVELOPMENT_TEAM = WHB97KRP2U;
				ENABLE_PREVIEWS = YES;
				GENERATE_INFOPLIST_FILE = YES;
				INFOPLIST_KEY_UIApplicationSceneManifest_Generation = YES;
				INFOPLIST_KEY_UIApplicationSupportsIndirectInputEvents = YES;
				INFOPLIST_KEY_UILaunchScreen_Generation = YES;
				INFOPLIST_KEY_UILaunchStoryboardName = "Launch Screen.storyboard";
				INFOPLIST_KEY_UISupportedInterfaceOrientations = UIInterfaceOrientationPortrait;
				INFOPLIST_KEY_UISupportedInterfaceOrientations_iPad = "UIInterfaceOrientationLandscapeLeft UIInterfaceOrientationLandscapeRight UIInterfaceOrientationPortrait UIInterfaceOrientationPortraitUpsideDown";
				IPHONEOS_DEPLOYMENT_TARGET = 15.4;
				LD_RUNPATH_SEARCH_PATHS = (
					"$(inherited)",
					"@executable_path/Frameworks",
				);
				MARKETING_VERSION = 1.0;
				PRODUCT_BUNDLE_IDENTIFIER = AbrahamOrganiship.GroundedStudio;
				PRODUCT_NAME = "$(TARGET_NAME)";
				SUPPORTED_PLATFORMS = "iphoneos iphonesimulator";
				SUPPORTS_MACCATALYST = NO;
				SUPPORTS_MAC_DESIGNED_FOR_IPHONE_IPAD = NO;
				SUPPORTS_XR_DESIGNED_FOR_IPHONE_IPAD = NO;
				SWIFT_EMIT_LOC_STRINGS = YES;
				SWIFT_VERSION = 5.0;
				TARGETED_DEVICE_FAMILY = 1;
			};
			name = Debug;
		};
		85A97FDC2BCED8EA009CE9F8 /* Release */ = {
			isa = XCBuildConfiguration;
			buildSettings = {
				ASSETCATALOG_COMPILER_APPICON_NAME = AppIcon;
				ASSETCATALOG_COMPILER_GLOBAL_ACCENT_COLOR_NAME = AccentColor;
				CODE_SIGN_STYLE = Automatic;
				CURRENT_PROJECT_VERSION = 1;
				DEVELOPMENT_ASSET_PATHS = "\"TA98App/Preview Content\"";
				DEVELOPMENT_TEAM = WHB97KRP2U;
				ENABLE_PREVIEWS = YES;
				GENERATE_INFOPLIST_FILE = YES;
				INFOPLIST_KEY_UIApplicationSceneManifest_Generation = YES;
				INFOPLIST_KEY_UIApplicationSupportsIndirectInputEvents = YES;
				INFOPLIST_KEY_UILaunchScreen_Generation = YES;
				INFOPLIST_KEY_UILaunchStoryboardName = "Launch Screen.storyboard";
				INFOPLIST_KEY_UISupportedInterfaceOrientations = UIInterfaceOrientationPortrait;
				INFOPLIST_KEY_UISupportedInterfaceOrientations_iPad = "UIInterfaceOrientationLandscapeLeft UIInterfaceOrientationLandscapeRight UIInterfaceOrientationPortrait UIInterfaceOrientationPortraitUpsideDown";
				IPHONEOS_DEPLOYMENT_TARGET = 15.4;
				LD_RUNPATH_SEARCH_PATHS = (
					"$(inherited)",
					"@executable_path/Frameworks",
				);
				MARKETING_VERSION = 1.0;
				PRODUCT_BUNDLE_IDENTIFIER = AbrahamOrganiship.GroundedStudio;
				PRODUCT_NAME = "$(TARGET_NAME)";
				SUPPORTED_PLATFORMS = "iphoneos iphonesimulator";
				SUPPORTS_MACCATALYST = NO;
				SUPPORTS_MAC_DESIGNED_FOR_IPHONE_IPAD = NO;
				SUPPORTS_XR_DESIGNED_FOR_IPHONE_IPAD = NO;
				SWIFT_EMIT_LOC_STRINGS = YES;
				SWIFT_VERSION = 5.0;
				TARGETED_DEVICE_FAMILY = 1;
			};
			name = Release;
		};
		85A97FDE2BCED8EA009CE9F8 /* Debug */ = {
			isa = XCBuildConfiguration;
			buildSettings = {
				ALWAYS_EMBED_SWIFT_STANDARD_LIBRARIES = YES;
				BUNDLE_LOADER = "$(TEST_HOST)";
				CODE_SIGN_STYLE = Automatic;
				CURRENT_PROJECT_VERSION = 1;
				DEVELOPMENT_TEAM = WHB97KRP2U;
				GENERATE_INFOPLIST_FILE = YES;
				IPHONEOS_DEPLOYMENT_TARGET = 17.4;
				MARKETING_VERSION = 1.0;
				PRODUCT_BUNDLE_IDENTIFIER = AbrahamOrganiship.TA98AppTests;
				PRODUCT_NAME = "$(TARGET_NAME)";
				SWIFT_EMIT_LOC_STRINGS = NO;
				SWIFT_VERSION = 5.0;
				TARGETED_DEVICE_FAMILY = "1,2";
				TEST_HOST = "$(BUILT_PRODUCTS_DIR)/TA98App.app/$(BUNDLE_EXECUTABLE_FOLDER_PATH)/TA98App";
			};
			name = Debug;
		};
		85A97FDF2BCED8EA009CE9F8 /* Release */ = {
			isa = XCBuildConfiguration;
			buildSettings = {
				ALWAYS_EMBED_SWIFT_STANDARD_LIBRARIES = YES;
				BUNDLE_LOADER = "$(TEST_HOST)";
				CODE_SIGN_STYLE = Automatic;
				CURRENT_PROJECT_VERSION = 1;
				DEVELOPMENT_TEAM = WHB97KRP2U;
				GENERATE_INFOPLIST_FILE = YES;
				IPHONEOS_DEPLOYMENT_TARGET = 17.4;
				MARKETING_VERSION = 1.0;
				PRODUCT_BUNDLE_IDENTIFIER = AbrahamOrganiship.TA98AppTests;
				PRODUCT_NAME = "$(TARGET_NAME)";
				SWIFT_EMIT_LOC_STRINGS = NO;
				SWIFT_VERSION = 5.0;
				TARGETED_DEVICE_FAMILY = "1,2";
				TEST_HOST = "$(BUILT_PRODUCTS_DIR)/TA98App.app/$(BUNDLE_EXECUTABLE_FOLDER_PATH)/TA98App";
			};
			name = Release;
		};
		85A97FE12BCED8EA009CE9F8 /* Debug */ = {
			isa = XCBuildConfiguration;
			buildSettings = {
				ALWAYS_EMBED_SWIFT_STANDARD_LIBRARIES = YES;
				CODE_SIGN_STYLE = Automatic;
				CURRENT_PROJECT_VERSION = 1;
				DEVELOPMENT_TEAM = WHB97KRP2U;
				GENERATE_INFOPLIST_FILE = YES;
				MARKETING_VERSION = 1.0;
				PRODUCT_BUNDLE_IDENTIFIER = AbrahamOrganiship.TA98AppUITests;
				PRODUCT_NAME = "$(TARGET_NAME)";
				SWIFT_EMIT_LOC_STRINGS = NO;
				SWIFT_VERSION = 5.0;
				TARGETED_DEVICE_FAMILY = "1,2";
				TEST_TARGET_NAME = TA98App;
			};
			name = Debug;
		};
		85A97FE22BCED8EA009CE9F8 /* Release */ = {
			isa = XCBuildConfiguration;
			buildSettings = {
				ALWAYS_EMBED_SWIFT_STANDARD_LIBRARIES = YES;
				CODE_SIGN_STYLE = Automatic;
				CURRENT_PROJECT_VERSION = 1;
				DEVELOPMENT_TEAM = WHB97KRP2U;
				GENERATE_INFOPLIST_FILE = YES;
				MARKETING_VERSION = 1.0;
				PRODUCT_BUNDLE_IDENTIFIER = AbrahamOrganiship.TA98AppUITests;
				PRODUCT_NAME = "$(TARGET_NAME)";
				SWIFT_EMIT_LOC_STRINGS = NO;
				SWIFT_VERSION = 5.0;
				TARGETED_DEVICE_FAMILY = "1,2";
				TEST_TARGET_NAME = TA98App;
			};
			name = Release;
		};
/* End XCBuildConfiguration section */

/* Begin XCConfigurationList section */
		85A97FB12BCED8E9009CE9F8 /* Build configuration list for PBXProject "TA98App" */ = {
			isa = XCConfigurationList;
			buildConfigurations = (
				85A97FD82BCED8EA009CE9F8 /* Debug */,
				85A97FD92BCED8EA009CE9F8 /* Release */,
			);
			defaultConfigurationIsVisible = 0;
			defaultConfigurationName = Release;
		};
		85A97FDA2BCED8EA009CE9F8 /* Build configuration list for PBXNativeTarget "TA98App" */ = {
			isa = XCConfigurationList;
			buildConfigurations = (
				85A97FDB2BCED8EA009CE9F8 /* Debug */,
				85A97FDC2BCED8EA009CE9F8 /* Release */,
			);
			defaultConfigurationIsVisible = 0;
			defaultConfigurationName = Release;
		};
		85A97FDD2BCED8EA009CE9F8 /* Build configuration list for PBXNativeTarget "TA98AppTests" */ = {
			isa = XCConfigurationList;
			buildConfigurations = (
				85A97FDE2BCED8EA009CE9F8 /* Debug */,
				85A97FDF2BCED8EA009CE9F8 /* Release */,
			);
			defaultConfigurationIsVisible = 0;
			defaultConfigurationName = Release;
		};
		85A97FE02BCED8EA009CE9F8 /* Build configuration list for PBXNativeTarget "TA98AppUITests" */ = {
			isa = XCConfigurationList;
			buildConfigurations = (
				85A97FE12BCED8EA009CE9F8 /* Debug */,
				85A97FE22BCED8EA009CE9F8 /* Release */,
			);
			defaultConfigurationIsVisible = 0;
			defaultConfigurationName = Release;
		};
/* End XCConfigurationList section */

/* Begin XCRemoteSwiftPackageReference section */
		85A97FE32BCED9C2009CE9F8 /* XCRemoteSwiftPackageReference "firebase-ios-sdk" */ = {
			isa = XCRemoteSwiftPackageReference;
			repositoryURL = "https://github.com/firebase/firebase-ios-sdk";
			requirement = {
				kind = upToNextMajorVersion;
				minimumVersion = 10.24.0;
			};
		};
/* End XCRemoteSwiftPackageReference section */

/* Begin XCSwiftPackageProductDependency section */
		85A97FE72BCEDB14009CE9F8 /* FirebaseAnalytics */ = {
			isa = XCSwiftPackageProductDependency;
			package = 85A97FE32BCED9C2009CE9F8 /* XCRemoteSwiftPackageReference "firebase-ios-sdk" */;
			productName = FirebaseAnalytics;
		};
		85A97FE92BCEDB14009CE9F8 /* FirebaseAnalyticsOnDeviceConversion */ = {
			isa = XCSwiftPackageProductDependency;
			package = 85A97FE32BCED9C2009CE9F8 /* XCRemoteSwiftPackageReference "firebase-ios-sdk" */;
			productName = FirebaseAnalyticsOnDeviceConversion;
		};
		85A97FEB2BCEDB14009CE9F8 /* FirebaseAnalyticsSwift */ = {
			isa = XCSwiftPackageProductDependency;
			package = 85A97FE32BCED9C2009CE9F8 /* XCRemoteSwiftPackageReference "firebase-ios-sdk" */;
			productName = FirebaseAnalyticsSwift;
		};
		85A97FED2BCEDB14009CE9F8 /* FirebaseAnalyticsWithoutAdIdSupport */ = {
			isa = XCSwiftPackageProductDependency;
			package = 85A97FE32BCED9C2009CE9F8 /* XCRemoteSwiftPackageReference "firebase-ios-sdk" */;
			productName = FirebaseAnalyticsWithoutAdIdSupport;
		};
		85A97FEF2BCEDB14009CE9F8 /* FirebaseAppCheck */ = {
			isa = XCSwiftPackageProductDependency;
			package = 85A97FE32BCED9C2009CE9F8 /* XCRemoteSwiftPackageReference "firebase-ios-sdk" */;
			productName = FirebaseAppCheck;
		};
		85A97FF12BCEDB14009CE9F8 /* FirebaseAppDistribution-Beta */ = {
			isa = XCSwiftPackageProductDependency;
			package = 85A97FE32BCED9C2009CE9F8 /* XCRemoteSwiftPackageReference "firebase-ios-sdk" */;
			productName = "FirebaseAppDistribution-Beta";
		};
		85A97FF32BCEDB14009CE9F8 /* FirebaseAuth */ = {
			isa = XCSwiftPackageProductDependency;
			package = 85A97FE32BCED9C2009CE9F8 /* XCRemoteSwiftPackageReference "firebase-ios-sdk" */;
			productName = FirebaseAuth;
		};
		85A97FF52BCEDB14009CE9F8 /* FirebaseAuthCombine-Community */ = {
			isa = XCSwiftPackageProductDependency;
			package = 85A97FE32BCED9C2009CE9F8 /* XCRemoteSwiftPackageReference "firebase-ios-sdk" */;
			productName = "FirebaseAuthCombine-Community";
		};
		85A97FF72BCEDB14009CE9F8 /* FirebaseCrashlytics */ = {
			isa = XCSwiftPackageProductDependency;
			package = 85A97FE32BCED9C2009CE9F8 /* XCRemoteSwiftPackageReference "firebase-ios-sdk" */;
			productName = FirebaseCrashlytics;
		};
		85A97FF92BCEDB14009CE9F8 /* FirebaseDatabase */ = {
			isa = XCSwiftPackageProductDependency;
			package = 85A97FE32BCED9C2009CE9F8 /* XCRemoteSwiftPackageReference "firebase-ios-sdk" */;
			productName = FirebaseDatabase;
		};
		85A97FFB2BCEDB14009CE9F8 /* FirebaseDatabaseSwift */ = {
			isa = XCSwiftPackageProductDependency;
			package = 85A97FE32BCED9C2009CE9F8 /* XCRemoteSwiftPackageReference "firebase-ios-sdk" */;
			productName = FirebaseDatabaseSwift;
		};
		85A97FFD2BCEDB14009CE9F8 /* FirebaseDynamicLinks */ = {
			isa = XCSwiftPackageProductDependency;
			package = 85A97FE32BCED9C2009CE9F8 /* XCRemoteSwiftPackageReference "firebase-ios-sdk" */;
			productName = FirebaseDynamicLinks;
		};
		85A97FFF2BCEDB14009CE9F8 /* FirebaseFirestore */ = {
			isa = XCSwiftPackageProductDependency;
			package = 85A97FE32BCED9C2009CE9F8 /* XCRemoteSwiftPackageReference "firebase-ios-sdk" */;
			productName = FirebaseFirestore;
		};
		85A980012BCEDB14009CE9F8 /* FirebaseFirestoreCombine-Community */ = {
			isa = XCSwiftPackageProductDependency;
			package = 85A97FE32BCED9C2009CE9F8 /* XCRemoteSwiftPackageReference "firebase-ios-sdk" */;
			productName = "FirebaseFirestoreCombine-Community";
		};
		85A980032BCEDB14009CE9F8 /* FirebaseFirestoreSwift */ = {
			isa = XCSwiftPackageProductDependency;
			package = 85A97FE32BCED9C2009CE9F8 /* XCRemoteSwiftPackageReference "firebase-ios-sdk" */;
			productName = FirebaseFirestoreSwift;
		};
		85A980052BCEDB14009CE9F8 /* FirebaseFunctions */ = {
			isa = XCSwiftPackageProductDependency;
			package = 85A97FE32BCED9C2009CE9F8 /* XCRemoteSwiftPackageReference "firebase-ios-sdk" */;
			productName = FirebaseFunctions;
		};
		85A980072BCEDB14009CE9F8 /* FirebaseFunctionsCombine-Community */ = {
			isa = XCSwiftPackageProductDependency;
			package = 85A97FE32BCED9C2009CE9F8 /* XCRemoteSwiftPackageReference "firebase-ios-sdk" */;
			productName = "FirebaseFunctionsCombine-Community";
		};
		85A980092BCEDB14009CE9F8 /* FirebaseInAppMessaging-Beta */ = {
			isa = XCSwiftPackageProductDependency;
			package = 85A97FE32BCED9C2009CE9F8 /* XCRemoteSwiftPackageReference "firebase-ios-sdk" */;
			productName = "FirebaseInAppMessaging-Beta";
		};
		85A9800B2BCEDB14009CE9F8 /* FirebaseInAppMessagingSwift-Beta */ = {
			isa = XCSwiftPackageProductDependency;
			package = 85A97FE32BCED9C2009CE9F8 /* XCRemoteSwiftPackageReference "firebase-ios-sdk" */;
			productName = "FirebaseInAppMessagingSwift-Beta";
		};
		85A9800D2BCEDB14009CE9F8 /* FirebaseInstallations */ = {
			isa = XCSwiftPackageProductDependency;
			package = 85A97FE32BCED9C2009CE9F8 /* XCRemoteSwiftPackageReference "firebase-ios-sdk" */;
			productName = FirebaseInstallations;
		};
		85A9800F2BCEDB14009CE9F8 /* FirebaseMessaging */ = {
			isa = XCSwiftPackageProductDependency;
			package = 85A97FE32BCED9C2009CE9F8 /* XCRemoteSwiftPackageReference "firebase-ios-sdk" */;
			productName = FirebaseMessaging;
		};
		85A980112BCEDB14009CE9F8 /* FirebaseMLModelDownloader */ = {
			isa = XCSwiftPackageProductDependency;
			package = 85A97FE32BCED9C2009CE9F8 /* XCRemoteSwiftPackageReference "firebase-ios-sdk" */;
			productName = FirebaseMLModelDownloader;
		};
		85A980132BCEDB14009CE9F8 /* FirebasePerformance */ = {
			isa = XCSwiftPackageProductDependency;
			package = 85A97FE32BCED9C2009CE9F8 /* XCRemoteSwiftPackageReference "firebase-ios-sdk" */;
			productName = FirebasePerformance;
		};
		85A980152BCEDB14009CE9F8 /* FirebaseRemoteConfig */ = {
			isa = XCSwiftPackageProductDependency;
			package = 85A97FE32BCED9C2009CE9F8 /* XCRemoteSwiftPackageReference "firebase-ios-sdk" */;
			productName = FirebaseRemoteConfig;
		};
		85A980172BCEDB14009CE9F8 /* FirebaseRemoteConfigSwift */ = {
			isa = XCSwiftPackageProductDependency;
			package = 85A97FE32BCED9C2009CE9F8 /* XCRemoteSwiftPackageReference "firebase-ios-sdk" */;
			productName = FirebaseRemoteConfigSwift;
		};
		85A980192BCEDB14009CE9F8 /* FirebaseStorage */ = {
			isa = XCSwiftPackageProductDependency;
			package = 85A97FE32BCED9C2009CE9F8 /* XCRemoteSwiftPackageReference "firebase-ios-sdk" */;
			productName = FirebaseStorage;
		};
		85A9801B2BCEDB14009CE9F8 /* FirebaseStorageCombine-Community */ = {
			isa = XCSwiftPackageProductDependency;
			package = 85A97FE32BCED9C2009CE9F8 /* XCRemoteSwiftPackageReference "firebase-ios-sdk" */;
			productName = "FirebaseStorageCombine-Community";
		};
/* End XCSwiftPackageProductDependency section */
	};
	rootObject = 85A97FAE2BCED8E9009CE9F8 /* Project object */;
}
